
Microsoft Visual Studio Solution File, Format Version 12.00
# Visual Studio Version 16
VisualStudioVersion = 16.0.32510.428
MinimumVisualStudioVersion = 10.0.40219.1
Project("{FAE04EC0-301F-11D3-BF4B-00C04F79EFBC}") = "CamposDeUsuario", "CamposDeUsuario\CamposDeUsuario.csproj", "{1D419B9D-801C-40BE-8961-8686DE8FDF74}"
EndProject
Project("{FAE04EC0-301F-11D3-BF4B-00C04F79EFBC}") = "TieDll", "..\TieDll\TieDLL\TieDll.csproj", "{E1C59902-F176-4238-94EA-998F2B0B16F1}"
EndProject
Global
	GlobalSection(SolutionConfigurationPlatforms) = preSolution
		Debug|Any CPU = Debug|Any CPU
		Release|Any CPU = Release|Any CPU
	EndGlobalSection
	GlobalSection(ProjectConfigurationPlatforms) = postSolution
		{1D419B9D-801C-40BE-8961-8686DE8FDF74}.Debug|Any CPU.ActiveCfg = Debug|Any CPU
		{1D419B9D-801C-40BE-8961-8686DE8FDF74}.Debug|Any CPU.Build.0 = Debug|Any CPU
		{1D419B9D-801C-40BE-8961-8686DE8FDF74}.Release|Any CPU.ActiveCfg = Release|Any CPU
		{1D419B9D-801C-40BE-8961-8686DE8FDF74}.Release|Any CPU.Build.0 = Release|Any CPU
		{E1C59902-F176-4238-94EA-998F2B0B16F1}.Debug|Any CPU.ActiveCfg = Debug|Any CPU
		{E1C59902-F176-4238-94EA-998F2B0B16F1}.Debug|Any CPU.Build.0 = Debug|Any CPU
		{E1C59902-F176-4238-94EA-998F2B0B16F1}.Release|Any CPU.ActiveCfg = Release|Any CPU
		{E1C59902-F176-4238-94EA-998F2B0B16F1}.Release|Any CPU.Build.0 = Release|Any CPU
	EndGlobalSection
	GlobalSection(SolutionProperties) = preSolution
		HideSolutionNode = FALSE
	EndGlobalSection
	GlobalSection(ExtensibilityGlobals) = postSolution
		SolutionGuid = {E008344A-0EFF-4E9C-B8D6-6A1133F88B6D}
	EndGlobalSection
EndGlobal
